# THIS IS AN AUTOGENERATED FILE. DO NOT EDIT THIS FILE DIRECTLY.
# yarn lockfile v1


"@babel/runtime@^7.1.2":
  version "7.14.6"
  resolved "https://registry.yarnpkg.com/@babel/runtime/-/runtime-7.14.6.tgz#535203bc0892efc7dec60bdc27b2ecf6e409062d"
  integrity sha512-/PCB2uJ7oM44tz8YhC4Z/6PeOKXp4K588f+5M3clr1M4zbqztlo0XEfJ2LEzj/FgwfgGcIdl8n7YYjTCI0BYwg==
  dependencies:
    regenerator-runtime "^0.13.4"

"@blueprintjs/core@^3.36.0", "@blueprintjs/core@^3.46.0":
  version "3.46.0"
  resolved "https://registry.yarnpkg.com/@blueprintjs/core/-/core-3.46.0.tgz#fde92406ed97d48c949d5fe5578e7880efdf7577"
  integrity sha512-kcYrisJMz7jPIuTc9AwFAbHMmmP/BxM2CC3e8vLaLk5h+xtXVzRipx19GA6ysSdguYXOnCPETwM6421QLehCCw==
  dependencies:
    "@blueprintjs/icons" "^3.27.0"
    "@types/dom4" "^2.0.1"
    classnames "^2.2"
    dom4 "^2.1.5"
    normalize.css "^8.0.1"
    popper.js "^1.16.1"
    react-lifecycles-compat "^3.0.4"
    react-popper "^1.3.7"
    react-transition-group "^2.9.0"
    resize-observer-polyfill "^1.5.1"
    tslib "~1.13.0"

"@blueprintjs/icons@^3.27.0":
  version "3.27.0"
  resolved "https://registry.yarnpkg.com/@blueprintjs/icons/-/icons-3.27.0.tgz#f4c03e8bc2f9310f7eaefaab26dd91f65935da43"
  integrity sha512-ItRioyrr2s70chclj5q38HS9omKOa15b3JZXv9JcMIFz+6w6rAcoAH7DA+5xIs27bFjax/SdAZp/eYXSw0+QpA==
  dependencies:
    classnames "^2.2"
    tslib "~1.13.0"

"@blueprintjs/select@^3.15.0":
  version "3.16.5"
  resolved "https://registry.yarnpkg.com/@blueprintjs/select/-/select-3.16.5.tgz#31b15a606dafd15643aa539d93d74795ec2aabe4"
  integrity sha512-+DJF7Fy11NjV1mUBHtEyx4fQTZDBki8NxxTZLsQWD6lGnUkZQDWToWmkr3oDC1+4MFG++Hf0nKvdp48FqY44IA==
  dependencies:
    "@blueprintjs/core" "^3.46.0"
    classnames "^2.2"
    tslib "~1.13.0"

"@fortawesome/fontawesome-free@^5.12.0":
  version "5.15.3"
  resolved "https://registry.yarnpkg.com/@fortawesome/fontawesome-free/-/fontawesome-free-5.15.3.tgz#c36ffa64a2a239bf948541a97b6ae8d729e09a9a"
  integrity sha512-rFnSUN/QOtnOAgqFRooTA3H57JLDm0QEG/jPdk+tLQNL/eWd+Aok8g3qCI+Q1xuDPWpGW/i9JySpJVsq8Q0s9w==

"@hypnosphi/create-react-context@^0.3.1":
  version "0.3.1"
  resolved "https://registry.yarnpkg.com/@hypnosphi/create-react-context/-/create-react-context-0.3.1.tgz#f8bfebdc7665f5d426cba3753e0e9c7d3154d7c6"
  integrity sha512-V1klUed202XahrWJLLOT3EXNeCpFHCcJntdFGI15ntCwau+jfT386w7OFTMaCqOgXUH1fa0w/I1oZs+i/Rfr0A==
  dependencies:
    gud "^1.0.0"
    warning "^4.0.3"

"@jupyterlab/application@>=2.0.0":
  version "3.0.11"
  resolved "https://registry.yarnpkg.com/@jupyterlab/application/-/application-3.0.11.tgz#01d502656db1aa07afc439a58171897af2a2fdd1"
  integrity sha512-UBqnRcXSy/Iz5vq1dCYkQvSkCFGPqjQdDFvOhvXacGxHklVjiku5Epltdbe2kQl+uhhn7VC4HEh1kzxiYamwcg==
  dependencies:
    "@fortawesome/fontawesome-free" "^5.12.0"
    "@jupyterlab/apputils" "^3.0.9"
    "@jupyterlab/coreutils" "^5.0.6"
    "@jupyterlab/docregistry" "^3.0.11"
    "@jupyterlab/rendermime" "^3.0.10"
    "@jupyterlab/rendermime-interfaces" "^3.0.9"
    "@jupyterlab/services" "^6.0.9"
    "@jupyterlab/statedb" "^3.0.6"
    "@jupyterlab/translation" "^3.0.9"
    "@jupyterlab/ui-components" "^3.0.7"
    "@lumino/algorithm" "^1.3.3"
    "@lumino/application" "^1.13.1"
    "@lumino/commands" "^1.12.0"
    "@lumino/coreutils" "^1.5.3"
    "@lumino/disposable" "^1.4.3"
    "@lumino/messaging" "^1.4.3"
    "@lumino/polling" "^1.3.3"
    "@lumino/properties" "^1.2.3"
    "@lumino/signaling" "^1.4.3"
    "@lumino/widgets" "^1.16.1"

"@jupyterlab/apputils@^3.0.9":
  version "3.0.9"
  resolved "https://registry.yarnpkg.com/@jupyterlab/apputils/-/apputils-3.0.9.tgz#504273fc0b69f74d8a8b87b7a89ee3d4decd679d"
  integrity sha512-fsJjl+NX2+e+1FM7SMfpI1VsaPQsaIPnPGsdpQoboJJqdQJHuj1oPXNwc/aI1daEElirB15fYGCUGc2oUrv6RQ==
  dependencies:
    "@jupyterlab/coreutils" "^5.0.6"
    "@jupyterlab/services" "^6.0.9"
    "@jupyterlab/settingregistry" "^3.0.6"
    "@jupyterlab/statedb" "^3.0.6"
    "@jupyterlab/translation" "^3.0.9"
    "@jupyterlab/ui-components" "^3.0.7"
    "@lumino/algorithm" "^1.3.3"
    "@lumino/commands" "^1.12.0"
    "@lumino/coreutils" "^1.5.3"
    "@lumino/disposable" "^1.4.3"
    "@lumino/domutils" "^1.2.3"
    "@lumino/messaging" "^1.4.3"
    "@lumino/properties" "^1.2.3"
    "@lumino/signaling" "^1.4.3"
    "@lumino/virtualdom" "^1.8.0"
    "@lumino/widgets" "^1.16.1"
    "@types/react" "^17.0.0"
    buffer "^5.6.0"
    react "^17.0.1"
    react-dom "^17.0.1"
    sanitize-html "~2.3.3"
    url "^0.11.0"

"@jupyterlab/codeeditor@^3.0.9":
  version "3.0.9"
  resolved "https://registry.yarnpkg.com/@jupyterlab/codeeditor/-/codeeditor-3.0.9.tgz#e06f82ad3c5199be8e9eb97b598d212af0c4ca08"
  integrity sha512-OUymghTH6CsAXc4z8EA7BqwdT99mdjJ/X488EOgXCBgeKz3QKB1gQ3GpH26soUv4S0prAs8RKU7rHjfb+DLYBQ==
  dependencies:
    "@jupyterlab/coreutils" "^5.0.6"
    "@jupyterlab/nbformat" "^3.0.6"
    "@jupyterlab/observables" "^4.0.6"
    "@jupyterlab/translation" "^3.0.9"
    "@jupyterlab/ui-components" "^3.0.7"
    "@lumino/coreutils" "^1.5.3"
    "@lumino/disposable" "^1.4.3"
    "@lumino/dragdrop" "^1.7.1"
    "@lumino/messaging" "^1.4.3"
    "@lumino/signaling" "^1.4.3"
    "@lumino/widgets" "^1.16.1"

"@jupyterlab/codemirror@^3.0.9":
  version "3.0.9"
  resolved "https://registry.yarnpkg.com/@jupyterlab/codemirror/-/codemirror-3.0.9.tgz#2b66c998547ce30a6162141bfb168fb7d2db2ea0"
  integrity sha512-RgB4ZS1Rhzvk20VDvnP7oQ8Bh9fC0dWDO/hZZwLJamlJLgtQNsCnU3Qw/K2dxhCMWBexI3n+E+0mcv1IXbEtLQ==
  dependencies:
    "@jupyterlab/apputils" "^3.0.9"
    "@jupyterlab/codeeditor" "^3.0.9"
    "@jupyterlab/coreutils" "^5.0.6"
    "@jupyterlab/nbformat" "^3.0.6"
    "@jupyterlab/observables" "^4.0.6"
    "@jupyterlab/statusbar" "^3.0.9"
    "@jupyterlab/translation" "^3.0.9"
    "@lumino/algorithm" "^1.3.3"
    "@lumino/commands" "^1.12.0"
    "@lumino/coreutils" "^1.5.3"
    "@lumino/disposable" "^1.4.3"
    "@lumino/polling" "^1.3.3"
    "@lumino/signaling" "^1.4.3"
    "@lumino/widgets" "^1.16.1"
    codemirror "~5.58.0"
    react "^17.0.1"

"@jupyterlab/coreutils@^5.0.6":
  version "5.0.6"
  resolved "https://registry.yarnpkg.com/@jupyterlab/coreutils/-/coreutils-5.0.6.tgz#dd36591d01191762ff35e3b096f324e990e0e617"
  integrity sha512-nXGpI1IJw+4pNq6Afy+oI3LrTsaQ14xG7Kxbhg9UPfoDgsNt2rdG4pwYe4NZyj2GJHAkUj00lcUD9eBTrxMWvw==
  dependencies:
    "@lumino/coreutils" "^1.5.3"
    "@lumino/disposable" "^1.4.3"
    "@lumino/signaling" "^1.4.3"
    minimist "~1.2.0"
    moment "^2.24.0"
    path-browserify "^1.0.0"
    url-parse "~1.5.1"

"@jupyterlab/docregistry@^3.0.11":
  version "3.0.11"
  resolved "https://registry.yarnpkg.com/@jupyterlab/docregistry/-/docregistry-3.0.11.tgz#21ffbabbbac56b6c8a7db5547068790a4b077bd6"
  integrity sha512-kx+ZXgM2UcBXvy+LDwGOVa/zP3+CjKMj0jM5qaUW+sHFZzkFIV/ke/MuiX2p6J+78s2VY5Hyy2Tq07jZhMEACg==
  dependencies:
    "@jupyterlab/apputils" "^3.0.9"
    "@jupyterlab/codeeditor" "^3.0.9"
    "@jupyterlab/codemirror" "^3.0.9"
    "@jupyterlab/coreutils" "^5.0.6"
    "@jupyterlab/observables" "^4.0.6"
    "@jupyterlab/rendermime" "^3.0.10"
    "@jupyterlab/rendermime-interfaces" "^3.0.9"
    "@jupyterlab/services" "^6.0.9"
    "@jupyterlab/translation" "^3.0.9"
    "@jupyterlab/ui-components" "^3.0.7"
    "@lumino/algorithm" "^1.3.3"
    "@lumino/coreutils" "^1.5.3"
    "@lumino/disposable" "^1.4.3"
    "@lumino/messaging" "^1.4.3"
    "@lumino/signaling" "^1.4.3"
    "@lumino/widgets" "^1.16.1"

"@jupyterlab/nbformat@^3.0.6":
  version "3.0.6"
  resolved "https://registry.yarnpkg.com/@jupyterlab/nbformat/-/nbformat-3.0.6.tgz#858a6567cdd60879bc7f9dad6c9dcb5587417b5d"
  integrity sha512-4+u770JYPmRpLyEPpnG0crj8ePUkg/vCF1W4hnDDxnLTVjzKw5kv6KVb5yJGEHAihUOf51bjceNUOp/+nLVBTg==
  dependencies:
    "@lumino/coreutils" "^1.5.3"

"@jupyterlab/observables@^4.0.6":
  version "4.0.6"
  resolved "https://registry.yarnpkg.com/@jupyterlab/observables/-/observables-4.0.6.tgz#be3bb0f08d2e79f86f4553857ed0aa90d7b293f2"
  integrity sha512-PYJosNXGSkLExaEXqpUuDjEXTEcxTpvM6kG8I6NFJyDQVD6E50LggC6NofY5EIcEsJsO771BLvI4kwNk7LRQSA==
  dependencies:
    "@lumino/algorithm" "^1.3.3"
    "@lumino/coreutils" "^1.5.3"
    "@lumino/disposable" "^1.4.3"
    "@lumino/messaging" "^1.4.3"
    "@lumino/signaling" "^1.4.3"

"@jupyterlab/rendermime-interfaces@^3.0.9":
  version "3.0.9"
  resolved "https://registry.yarnpkg.com/@jupyterlab/rendermime-interfaces/-/rendermime-interfaces-3.0.9.tgz#13badf733d79b34bed0392e8a34d30291090e536"
  integrity sha512-KvoDcIzgvDhvCGDYqFhRM753iOryWFujAEzXjpzvYz/1yNUh5weYsdwdmdCjUTkToM9rFiIDMwjferJPU54thw==
  dependencies:
    "@jupyterlab/translation" "^3.0.9"
    "@lumino/coreutils" "^1.5.3"
    "@lumino/widgets" "^1.16.1"

"@jupyterlab/rendermime@^3.0.10":
  version "3.0.10"
  resolved "https://registry.yarnpkg.com/@jupyterlab/rendermime/-/rendermime-3.0.10.tgz#7592155ea00c3a81f0d9a5662d3ccdeb37f722b1"
  integrity sha512-9Q32zYpBkbrlAkuHJ7760ZETWQYZkKT9UcJWOMVF7iNgoBfRohAYvPHsoc6JFZyFEFhKzkLwa+CTcL48aGjg7A==
  dependencies:
    "@jupyterlab/apputils" "^3.0.9"
    "@jupyterlab/codemirror" "^3.0.9"
    "@jupyterlab/coreutils" "^5.0.6"
    "@jupyterlab/nbformat" "^3.0.6"
    "@jupyterlab/observables" "^4.0.6"
    "@jupyterlab/rendermime-interfaces" "^3.0.9"
    "@jupyterlab/services" "^6.0.9"
    "@jupyterlab/translation" "^3.0.9"
    "@lumino/algorithm" "^1.3.3"
    "@lumino/coreutils" "^1.5.3"
    "@lumino/messaging" "^1.4.3"
    "@lumino/signaling" "^1.4.3"
    "@lumino/widgets" "^1.16.1"
    lodash.escape "^4.0.1"
    marked "^2.0.0"

"@jupyterlab/services@^6.0.9":
  version "6.0.9"
  resolved "https://registry.yarnpkg.com/@jupyterlab/services/-/services-6.0.9.tgz#70a10d7f6883b8fafff81216663d96858b0cf46b"
  integrity sha512-zeN9roqwbYo6b2I5BXWx+Mr4KzTpe2UcVwrcAGw9NXqIieb0ZnvtHqtNj/vcHCM2xQKuPup9W1X1bE5b3wF5Yw==
  dependencies:
    "@jupyterlab/coreutils" "^5.0.6"
    "@jupyterlab/nbformat" "^3.0.6"
    "@jupyterlab/observables" "^4.0.6"
    "@jupyterlab/settingregistry" "^3.0.6"
    "@jupyterlab/statedb" "^3.0.6"
    "@lumino/algorithm" "^1.3.3"
    "@lumino/coreutils" "^1.5.3"
    "@lumino/disposable" "^1.4.3"
    "@lumino/polling" "^1.3.3"
    "@lumino/signaling" "^1.4.3"
    node-fetch "^2.6.0"
    ws "^7.2.0"

"@jupyterlab/settingregistry@^3.0.6":
  version "3.0.6"
  resolved "https://registry.yarnpkg.com/@jupyterlab/settingregistry/-/settingregistry-3.0.6.tgz#000cd9dc4984a1ccac01d73c7967893befe14b8d"
  integrity sha512-fIeVJjkaf8FYSJ4jwJobwNeco8J2CEuWzmEJKiDjhmzmRZApS9Jjx+CJXDkTxoSMDQ41ELxQKJq5bcbih/90zQ==
  dependencies:
    "@jupyterlab/statedb" "^3.0.6"
    "@lumino/commands" "^1.12.0"
    "@lumino/coreutils" "^1.5.3"
    "@lumino/disposable" "^1.4.3"
    "@lumino/signaling" "^1.4.3"
    ajv "^6.12.3"
    json5 "^2.1.1"

"@jupyterlab/statedb@^3.0.6":
  version "3.0.6"
  resolved "https://registry.yarnpkg.com/@jupyterlab/statedb/-/statedb-3.0.6.tgz#d331c815496f80083d53277e1972095da954f31f"
  integrity sha512-hXewp5TAKneWJcYXenTZuzSUagGjyWv5vRHDFarw1O4pkEg7zz8IyN2yAvbYH6+GDqIhF/91rgGu9alkx/yjjA==
  dependencies:
    "@lumino/commands" "^1.12.0"
    "@lumino/coreutils" "^1.5.3"
    "@lumino/disposable" "^1.4.3"
    "@lumino/properties" "^1.2.3"
    "@lumino/signaling" "^1.4.3"

"@jupyterlab/statusbar@^3.0.9":
  version "3.0.9"
  resolved "https://registry.yarnpkg.com/@jupyterlab/statusbar/-/statusbar-3.0.9.tgz#b00d8b74e813bb9534e7a57d0419579e9367da7a"
  integrity sha512-MaA6GVi59mH3YRkV5iJPcpdS9opMTgFvcfMQLzKeMJvEQvM2fFGMVixp+q2U6Pa8iJsCp59CUoTyuQQdkw1UFw==
  dependencies:
    "@jupyterlab/apputils" "^3.0.9"
    "@jupyterlab/codeeditor" "^3.0.9"
    "@jupyterlab/coreutils" "^5.0.6"
    "@jupyterlab/services" "^6.0.9"
    "@jupyterlab/translation" "^3.0.9"
    "@jupyterlab/ui-components" "^3.0.7"
    "@lumino/algorithm" "^1.3.3"
    "@lumino/coreutils" "^1.5.3"
    "@lumino/disposable" "^1.4.3"
    "@lumino/messaging" "^1.4.3"
    "@lumino/signaling" "^1.4.3"
    "@lumino/widgets" "^1.16.1"
    csstype "~3.0.3"
    react "^17.0.1"
    typestyle "^2.0.4"

"@jupyterlab/translation@^3.0.9":
  version "3.0.9"
  resolved "https://registry.yarnpkg.com/@jupyterlab/translation/-/translation-3.0.9.tgz#54472d3d2fef0d56dfa61c2711a9155f3308ad5b"
  integrity sha512-XsIUt08HDpA2zqhJFmNV9iuxMriV4sAdx4rM1rA0tEUuvWSXerLvpzNUw4LAz+iaJgyUgqqV1gKrOgoMTjtvWA==
  dependencies:
    "@jupyterlab/coreutils" "^5.0.6"
    "@jupyterlab/services" "^6.0.9"
    "@jupyterlab/statedb" "^3.0.6"
    "@lumino/coreutils" "^1.5.3"

"@jupyterlab/ui-components@^3.0.7":
  version "3.0.7"
  resolved "https://registry.yarnpkg.com/@jupyterlab/ui-components/-/ui-components-3.0.7.tgz#83525d98051e9c74bd415da9e4a0fb20ec6bd609"
  integrity sha512-kuq2aZ3DcCQNqf5ucsXWREHxbYq23+S12zMertOs+74KQr8jm8chX9HmqpmefNKnSIqqi/RKVSS2PWuSTpkEEw==
  dependencies:
    "@blueprintjs/core" "^3.36.0"
    "@blueprintjs/select" "^3.15.0"
    "@jupyterlab/coreutils" "^5.0.6"
    "@lumino/coreutils" "^1.5.3"
    "@lumino/signaling" "^1.4.3"
    "@lumino/virtualdom" "^1.8.0"
    "@lumino/widgets" "^1.16.1"
    react "^17.0.1"
    react-dom "^17.0.1"
    typestyle "^2.0.4"

"@lumino/algorithm@^1.3.3", "@lumino/algorithm@^1.6.0":
  version "1.6.0"
  resolved "https://registry.yarnpkg.com/@lumino/algorithm/-/algorithm-1.6.0.tgz#771e7896cd94e660f9b58a52f80e1bb255de1d41"
  integrity sha512-NMOcm5Yr9nXz5gokS/K4jHBbUMQYBkvDXl1n51XWdcz0LY+oGuIKPhjazhUgmbNRehzdZBj5hMMd1+htYWeVKQ==

"@lumino/application@^1.13.1":
  version "1.20.0"
  resolved "https://registry.yarnpkg.com/@lumino/application/-/application-1.20.0.tgz#b50ca4180bc400589fdfcfcaab08c4af937fccd0"
  integrity sha512-FAoQcq4L3ZswTK0lWfLKnG1ecG26cwqjzg2fyoBeuWGBi1TG9BYjFBdV7ErTFMxW8jE1CLOLuxsZaKFLNErcKA==
  dependencies:
    "@lumino/commands" "^1.15.0"
    "@lumino/coreutils" "^1.8.0"
    "@lumino/widgets" "^1.23.0"

"@lumino/collections@^1.6.0":
  version "1.6.0"
  resolved "https://registry.yarnpkg.com/@lumino/collections/-/collections-1.6.0.tgz#7d3e94cee26409b0cd719c1934bdda471e6a5662"
  integrity sha512-ZETm0/xF0oUHV03sOXNOfFI1EEpS317HvN5n+fZBJvCNZIrJkWmKD8QuxcfwHb7AChKUhXlVHhDbWlb1LKnd7g==
  dependencies:
    "@lumino/algorithm" "^1.6.0"

"@lumino/commands@^1.12.0", "@lumino/commands@^1.15.0":
  version "1.15.0"
  resolved "https://registry.yarnpkg.com/@lumino/commands/-/commands-1.15.0.tgz#06eb94fb4b34cad59f35b1fcaf473e8d2047f779"
  integrity sha512-JOE68KfbR9xw5YTfcwo+9E0PSWidifEMAcOC/aXd7iSzfsCRknMTcMQIUGL277IU7J7CJvoe10DUE5QKwTmX+g==
  dependencies:
    "@lumino/algorithm" "^1.6.0"
    "@lumino/coreutils" "^1.8.0"
    "@lumino/disposable" "^1.7.0"
    "@lumino/domutils" "^1.5.0"
    "@lumino/keyboard" "^1.5.0"
    "@lumino/signaling" "^1.7.0"
    "@lumino/virtualdom" "^1.11.0"

"@lumino/coreutils@^1.5.3", "@lumino/coreutils@^1.8.0":
  version "1.8.0"
  resolved "https://registry.yarnpkg.com/@lumino/coreutils/-/coreutils-1.8.0.tgz#4feb3ccbfbc3efc8e395a90f22b5a938fbad959a"
  integrity sha512-OvCsaASUqOE7R6Dxngyk4/b5QMOjyRUNxuZuuL+fx+JvGKZFZ/B2c9LYtAJ9mDmQ1BQiGNV/qSpL4o7x8PCfjw==

"@lumino/disposable@^1.4.3", "@lumino/disposable@^1.7.0":
  version "1.7.0"
  resolved "https://registry.yarnpkg.com/@lumino/disposable/-/disposable-1.7.0.tgz#539463490cb42e8d2dc46b5ff7cc291f4f1a8d07"
  integrity sha512-3mWi11ko3XVY63BPwvys7MXrbFddA2i+gp72d0wAKM2NDDUopVPikMHhJpjGJcw+otjahzXYiTewxPDEau9dYg==
  dependencies:
    "@lumino/algorithm" "^1.6.0"
    "@lumino/signaling" "^1.7.0"

"@lumino/domutils@^1.2.3", "@lumino/domutils@^1.5.0":
  version "1.5.0"
  resolved "https://registry.yarnpkg.com/@lumino/domutils/-/domutils-1.5.0.tgz#fdba0cfe404b4817e63aa064f63b3c965655e76e"
  integrity sha512-dZ0Aa+/qhvfPc1aa5kX4LLGE3B6BW1XmJa0R1XVCEpAFY3cZiujuQWmhYHJtZPrOiqn0UtioT2OpqnWdtCWc0A==

"@lumino/dragdrop@^1.10.0", "@lumino/dragdrop@^1.7.1":
  version "1.10.0"
  resolved "https://registry.yarnpkg.com/@lumino/dragdrop/-/dragdrop-1.10.0.tgz#2fddacfee055e660dd33dd9a3cfbd8fbba811673"
  integrity sha512-A3cNLcp09zygOprWmLTkLZCQYNq3dJfN+mhni4IZizqCTkKbTCEzo2/IwoCWvy+ABKft8d/A9Y40wFW6yJ9OyA==
  dependencies:
    "@lumino/coreutils" "^1.8.0"
    "@lumino/disposable" "^1.7.0"

"@lumino/keyboard@^1.5.0":
  version "1.5.0"
  resolved "https://registry.yarnpkg.com/@lumino/keyboard/-/keyboard-1.5.0.tgz#c12213822dd2645c412e8689aecd4a2726113ac6"
  integrity sha512-/uF9xqHYVbIkser2Q6UIv7VWrzThr1fxAmSOShjSoKGocL0XHeaBaCOMezSaVxnJ1wm1ciNdhMsjscVM8Inp7g==

"@lumino/messaging@^1.4.3", "@lumino/messaging@^1.7.0":
  version "1.7.0"
  resolved "https://registry.yarnpkg.com/@lumino/messaging/-/messaging-1.7.0.tgz#32542f9e9a266fd5b3f71842f70cfe141e016d93"
  integrity sha512-QYWf9QGIGD0Oes104zw7mVln4S8yRije2mZhNNRBjkYcDuQlPW+eRSuC5LwAMsFnGymBlUPwPbKOUEO2RbhAtg==
  dependencies:
    "@lumino/algorithm" "^1.6.0"
    "@lumino/collections" "^1.6.0"

"@lumino/polling@^1.3.3":
  version "1.6.0"
  resolved "https://registry.yarnpkg.com/@lumino/polling/-/polling-1.6.0.tgz#64f40bba4602fe9eceb9f3fae8f3647831e5b7e9"
  integrity sha512-jG1nqw6UO5XEN7QamOr6iDW8WvYeZQcBVRjM38fszz62dwJ/VGPvO2hlNl6QWWIfCynbJudms0LQm+z0BT1EdA==
  dependencies:
    "@lumino/coreutils" "^1.8.0"
    "@lumino/disposable" "^1.7.0"
    "@lumino/signaling" "^1.7.0"

"@lumino/properties@^1.2.3", "@lumino/properties@^1.5.0":
  version "1.5.0"
  resolved "https://registry.yarnpkg.com/@lumino/properties/-/properties-1.5.0.tgz#7e8638e84c51bb110c5a69f91ca8b0e40b2c3fca"
  integrity sha512-YqpJE6/1Wkjrie0E+ypu+yzd55B5RlvKYMnQs3Ox+SrJsnNBhA6Oj44EhVf8SUTuHgn1t/mm+LvbswKN5RM4+g==

"@lumino/signaling@^1.4.3", "@lumino/signaling@^1.7.0":
  version "1.7.0"
  resolved "https://registry.yarnpkg.com/@lumino/signaling/-/signaling-1.7.0.tgz#76da4738bf8f19e7da6de1d457a54220e2140670"
  integrity sha512-a5kd11Sf04jTfpzxCr7TOBD2o5YvItA4IGwiOoG+QR6sPR0Rwmcf47fPItqXo5st58iNIblC3F+c264N+Me+gg==
  dependencies:
    "@lumino/algorithm" "^1.6.0"

"@lumino/virtualdom@^1.11.0", "@lumino/virtualdom@^1.8.0":
  version "1.11.0"
  resolved "https://registry.yarnpkg.com/@lumino/virtualdom/-/virtualdom-1.11.0.tgz#468b4d28a07e2b8988dc583b4aab40e37dc6955e"
  integrity sha512-G0sIx4pLYbgJ4w+SIgsCYQgKP/GBrWgjh8wcumD6XpaYZNivJv4c01xITYYlh7FU61jZmMWMrxtZztArNRDSqg==
  dependencies:
    "@lumino/algorithm" "^1.6.0"

"@lumino/widgets@^1.16.1", "@lumino/widgets@^1.23.0":
  version "1.23.0"
  resolved "https://registry.yarnpkg.com/@lumino/widgets/-/widgets-1.23.0.tgz#096c7574de75fa67b32bcb914c5dae290fbee6f3"
  integrity sha512-0Akt9ESgc06SJ3EJG3VK1Liw+AAjRWkKMfm8VUTwT/1QJYYGZ8kfHNO97mkBLv+0EkLEkZIeaQb8fIoU6vh7bw==
  dependencies:
    "@lumino/algorithm" "^1.6.0"
    "@lumino/commands" "^1.15.0"
    "@lumino/coreutils" "^1.8.0"
    "@lumino/disposable" "^1.7.0"
    "@lumino/domutils" "^1.5.0"
    "@lumino/dragdrop" "^1.10.0"
    "@lumino/keyboard" "^1.5.0"
    "@lumino/messaging" "^1.7.0"
    "@lumino/properties" "^1.5.0"
    "@lumino/signaling" "^1.7.0"
    "@lumino/virtualdom" "^1.11.0"

"@types/codemirror@^0.0.98":
  version "0.0.98"
  resolved "https://registry.yarnpkg.com/@types/codemirror/-/codemirror-0.0.98.tgz#b35c7a4ab1fc1684b08a4e3eb65240020556ebfb"
  integrity sha512-cbty5LPayy2vNSeuUdjNA9tggG+go5vAxmnLDRWpiZI5a+RDBi9dlozy4/jW/7P/gletbBWbQREEa7A81YxstA==
  dependencies:
    "@types/tern" "*"

"@types/dom4@^2.0.1":
  version "2.0.2"
  resolved "https://registry.yarnpkg.com/@types/dom4/-/dom4-2.0.2.tgz#6495303f049689ce936ed328a3e5ede9c51408ee"
  integrity sha512-Rt4IC1T7xkCWa0OG1oSsPa0iqnxlDeQqKXZAHrQGLb7wFGncWm85MaxKUjAGejOrUynOgWlFi4c6S6IyJwoK4g==

"@types/estree@*":
  version "0.0.45"
  resolved "https://registry.yarnpkg.com/@types/estree/-/estree-0.0.45.tgz#e9387572998e5ecdac221950dab3e8c3b16af884"
  integrity sha512-jnqIUKDUqJbDIUxm0Uj7bnlMnRm1T/eZ9N+AVMqhPgzrba2GhGG5o/jCTwmdPK709nEZsGoMzXEDUjcXHa3W0g==

"@types/prop-types@*":
  version "15.7.4"
  resolved "https://registry.yarnpkg.com/@types/prop-types/-/prop-types-15.7.4.tgz#fcf7205c25dff795ee79af1e30da2c9790808f11"
  integrity sha512-rZ5drC/jWjrArrS8BR6SIr4cWpW09RNTYt9AMZo3Jwwif+iacXAqgVjm0B0Bv/S1jhDXKHqRVNCbACkJ89RAnQ==

"@types/react@^17.0.0":
  version "17.0.14"
  resolved "https://registry.yarnpkg.com/@types/react/-/react-17.0.14.tgz#f0629761ca02945c4e8fea99b8177f4c5c61fb0f"
  integrity sha512-0WwKHUbWuQWOce61UexYuWTGuGY/8JvtUe/dtQ6lR4sZ3UiylHotJeWpf3ArP9+DSGUoLY3wbU59VyMrJps5VQ==
  dependencies:
    "@types/prop-types" "*"
    "@types/scheduler" "*"
    csstype "^3.0.2"

"@types/scheduler@*":
  version "0.16.2"
  resolved "https://registry.yarnpkg.com/@types/scheduler/-/scheduler-0.16.2.tgz#1a62f89525723dde24ba1b01b092bf5df8ad4d39"
  integrity sha512-hppQEBDmlwhFAXKJX2KnWLYu5yMfi91yazPb2l+lbJiwW+wdo1gNeRA+3RgNSO39WYX2euey41KEwnqesU2Jew==

"@types/tern@*":
  version "0.23.3"
  resolved "https://registry.yarnpkg.com/@types/tern/-/tern-0.23.3.tgz#4b54538f04a88c9ff79de1f6f94f575a7f339460"
  integrity sha512-imDtS4TAoTcXk0g7u4kkWqedB3E4qpjXzCpD2LU5M5NAXHzCDsypyvXSaG7mM8DKYkCRa7tFp4tS/lp/Wo7Q3w==
  dependencies:
    "@types/estree" "*"

ajv@^6.12.3:
  version "6.12.6"
  resolved "https://registry.yarnpkg.com/ajv/-/ajv-6.12.6.tgz#baf5a62e802b07d977034586f8c3baf5adf26df4"
  integrity sha512-j3fVLgvTo527anyYyJOGTYJbG+vnnQYvE0m5mmkc1TK+nxAppkCLMIL0aZ4dblVCNoGShhm+kzE4ZUykBoMg4g==
  dependencies:
    fast-deep-equal "^3.1.1"
    fast-json-stable-stringify "^2.0.0"
    json-schema-traverse "^0.4.1"
    uri-js "^4.2.2"

base64-js@^1.3.1:
  version "1.5.1"
  resolved "https://registry.yarnpkg.com/base64-js/-/base64-js-1.5.1.tgz#1b1b440160a5bf7ad40b650f095963481903930a"
  integrity sha512-AKpaYlHn8t4SVbOHCy+b5+KKgvR4vrsD8vbvrbiQJps7fKDTkjkDry6ji0rUJjC0kzbNePLwzxq8iypo41qeWA==

buffer@^5.6.0:
  version "5.7.1"
  resolved "https://registry.yarnpkg.com/buffer/-/buffer-5.7.1.tgz#ba62e7c13133053582197160851a8f648e99eed0"
  integrity sha512-EHcyIPBQ4BSGlvjB16k5KgAJ27CIsHY/2JBmCRReo48y9rQ3MaUzWX3KVlBa4U7MyX02HdVj0K7C3WaB3ju7FQ==
  dependencies:
    base64-js "^1.3.1"
    ieee754 "^1.1.13"

call-bind@^1.0.0, call-bind@^1.0.2:
  version "1.0.2"
  resolved "https://registry.yarnpkg.com/call-bind/-/call-bind-1.0.2.tgz#b1d4e89e688119c3c9a903ad30abb2f6a919be3c"
  integrity sha512-7O+FbCihrB5WGbFYesctwmTKae6rOiIzmz1icreWJ+0aA7LJfuqhEso2T9ncpcFtzMQtzXf2QGGueWJGTYsqrA==
  dependencies:
    function-bind "^1.1.1"
    get-intrinsic "^1.0.2"

classnames@^2.2:
  version "2.3.1"
  resolved "https://registry.yarnpkg.com/classnames/-/classnames-2.3.1.tgz#dfcfa3891e306ec1dad105d0e88f4417b8535e8e"
  integrity sha512-OlQdbZ7gLfGarSqxesMesDa5uz7KFbID8Kpq/SxIoNGDqY8lSYs0D+hhtBXhcdB3rcbXArFr7vlHheLk1voeNA==

codemirror@~5.58.0:
  version "5.58.3"
  resolved "https://registry.yarnpkg.com/codemirror/-/codemirror-5.58.3.tgz#3f0689854ecfbed5d4479a98b96148b2c3b79796"
  integrity sha512-KBhB+juiyOOgn0AqtRmWyAT3yoElkuvWTI6hsHa9E6GQrl6bk/fdAYcvuqW1/upO9T9rtEtapWdw4XYcNiVDEA==

colorette@^1.2.2:
  version "1.2.2"
  resolved "https://registry.yarnpkg.com/colorette/-/colorette-1.2.2.tgz#cbcc79d5e99caea2dbf10eb3a26fd8b3e6acfa94"
  integrity sha512-MKGMzyfeuutC/ZJ1cba9NqcNpfeqMUcYmyF1ZFY6/Cn7CNSAKx6a+s48sqLqyAiZuaP2TcqMhoo+dlwFnVxT9w==

csstype@2.6.9:
  version "2.6.9"
  resolved "https://registry.yarnpkg.com/csstype/-/csstype-2.6.9.tgz#05141d0cd557a56b8891394c1911c40c8a98d098"
  integrity sha512-xz39Sb4+OaTsULgUERcCk+TJj8ylkL4aSVDQiX/ksxbELSqwkgt4d4RD7fovIdgJGSuNYqwZEiVjYY5l0ask+Q==

csstype@^3.0.2, csstype@~3.0.3:
  version "3.0.8"
  resolved "https://registry.yarnpkg.com/csstype/-/csstype-3.0.8.tgz#d2266a792729fb227cd216fb572f43728e1ad340"
  integrity sha512-jXKhWqXPmlUeoQnF/EhTtTl4C9SnrxSH/jZUih3jmO6lBKr99rP3/+FmrMj4EFpOXzMtXHAZkd3x0E6h6Fgflw==

deep-equal@^1.1.1:
  version "1.1.1"
  resolved "https://registry.yarnpkg.com/deep-equal/-/deep-equal-1.1.1.tgz#b5c98c942ceffaf7cb051e24e1434a25a2e6076a"
  integrity sha512-yd9c5AdiqVcR+JjcwUQb9DkhJc8ngNr0MahEBGvDiJw8puWab2yZlh+nkasOnZP+EGTAP6rRp2JzJhJZzvNF8g==
  dependencies:
    is-arguments "^1.0.4"
    is-date-object "^1.0.1"
    is-regex "^1.0.4"
    object-is "^1.0.1"
    object-keys "^1.1.1"
    regexp.prototype.flags "^1.2.0"

deepmerge@^4.2.2:
  version "4.2.2"
  resolved "https://registry.yarnpkg.com/deepmerge/-/deepmerge-4.2.2.tgz#44d2ea3679b8f4d4ffba33f03d865fc1e7bf4955"
  integrity sha512-FJ3UgI4gIl+PHZm53knsuSFpE+nESMr7M4v9QcgB7S63Kj/6WqMiFQJpBBYz1Pt+66bZpP3Q7Lye0Oo9MPKEdg==

define-properties@^1.1.3:
  version "1.1.3"
  resolved "https://registry.yarnpkg.com/define-properties/-/define-properties-1.1.3.tgz#cf88da6cbee26fe6db7094f61d870cbd84cee9f1"
  integrity sha512-3MqfYKj2lLzdMSf8ZIZE/V+Zuy+BgD6f164e8K2w7dgnpKArBDerGYpM46IYYcjnkdPNMjPk9A6VFB8+3SKlXQ==
  dependencies:
    object-keys "^1.0.12"

dom-helpers@^3.4.0:
  version "3.4.0"
  resolved "https://registry.yarnpkg.com/dom-helpers/-/dom-helpers-3.4.0.tgz#e9b369700f959f62ecde5a6babde4bccd9169af8"
  integrity sha512-LnuPJ+dwqKDIyotW1VzmOZ5TONUN7CwkCR5hrgawTUbkBGYdeoNLZo6nNfGkCrjtE1nXXaj7iMMpDa8/d9WoIA==
  dependencies:
    "@babel/runtime" "^7.1.2"

dom-serializer@^1.0.1:
  version "1.3.2"
  resolved "https://registry.yarnpkg.com/dom-serializer/-/dom-serializer-1.3.2.tgz#6206437d32ceefaec7161803230c7a20bc1b4d91"
  integrity sha512-5c54Bk5Dw4qAxNOI1pFEizPSjVsx5+bpJKmL2kPn8JhBUq2q09tTCa3mjijun2NfK78NMouDYNMBkOrPZiS+ig==
  dependencies:
    domelementtype "^2.0.1"
    domhandler "^4.2.0"
    entities "^2.0.0"

dom4@^2.1.5:
  version "2.1.6"
  resolved "https://registry.yarnpkg.com/dom4/-/dom4-2.1.6.tgz#c90df07134aa0dbd81ed4d6ba1237b36fc164770"
  integrity sha512-JkCVGnN4ofKGbjf5Uvc8mmxaATIErKQKSgACdBXpsQ3fY6DlIpAyWfiBSrGkttATssbDCp3psiAKWXk5gmjycA==

domelementtype@^2.0.1, domelementtype@^2.2.0:
  version "2.2.0"
  resolved "https://registry.yarnpkg.com/domelementtype/-/domelementtype-2.2.0.tgz#9a0b6c2782ed6a1c7323d42267183df9bd8b1d57"
  integrity sha512-DtBMo82pv1dFtUmHyr48beiuq792Sxohr+8Hm9zoxklYPfa6n0Z3Byjj2IV7bmr2IyqClnqEQhfgHJJ5QF0R5A==

domhandler@^4.0.0, domhandler@^4.2.0:
  version "4.2.0"
  resolved "https://registry.yarnpkg.com/domhandler/-/domhandler-4.2.0.tgz#f9768a5f034be60a89a27c2e4d0f74eba0d8b059"
  integrity sha512-zk7sgt970kzPks2Bf+dwT/PLzghLnsivb9CcxkvR8Mzr66Olr0Ofd8neSbglHJHaHa2MadfoSdNlKYAaafmWfA==
  dependencies:
    domelementtype "^2.2.0"

domutils@^2.5.2:
  version "2.7.0"
  resolved "https://registry.yarnpkg.com/domutils/-/domutils-2.7.0.tgz#8ebaf0c41ebafcf55b0b72ec31c56323712c5442"
  integrity sha512-8eaHa17IwJUPAiB+SoTYBo5mCdeMgdcAoXJ59m6DT1vw+5iLS3gNoqYaRowaBKtGVrOF1Jz4yDTgYKLK2kvfJg==
  dependencies:
    dom-serializer "^1.0.1"
    domelementtype "^2.2.0"
    domhandler "^4.2.0"

entities@^2.0.0:
  version "2.2.0"
  resolved "https://registry.yarnpkg.com/entities/-/entities-2.2.0.tgz#098dc90ebb83d8dffa089d55256b351d34c4da55"
  integrity sha512-p92if5Nz619I0w+akJrLZH0MX0Pb5DX39XOwQTtXSdQQOaYH03S1uIQp4mhOZtAXrxq4ViO67YTiLBo2638o9A==

escape-string-regexp@^4.0.0:
  version "4.0.0"
  resolved "https://registry.yarnpkg.com/escape-string-regexp/-/escape-string-regexp-4.0.0.tgz#14ba83a5d373e3d311e5afca29cf5bfad965bf34"
  integrity sha512-TtpcNJ3XAzx3Gq8sWRzJaVajRs0uVxA2YAkdb1jm2YkPz4G6egUFAyA3n5vtEIZefPk5Wa4UXbKuS5fKkJWdgA==

fast-deep-equal@^3.1.1:
  version "3.1.3"
  resolved "https://registry.yarnpkg.com/fast-deep-equal/-/fast-deep-equal-3.1.3.tgz#3a7d56b559d6cbc3eb512325244e619a65c6c525"
  integrity sha512-f3qQ9oQy9j2AhBe/H9VC91wLmKBCCU/gDOnKNAYG5hswO7BLKj09Hc5HYNz9cGI++xlpDCIgDaitVs03ATR84Q==

fast-json-stable-stringify@^2.0.0:
  version "2.1.0"
  resolved "https://registry.yarnpkg.com/fast-json-stable-stringify/-/fast-json-stable-stringify-2.1.0.tgz#874bf69c6f404c2b5d99c481341399fd55892633"
  integrity sha512-lhd/wF+Lk98HZoTCtlVraHtfh5XYijIjalXck7saUtuanSDyLMxnHhSXEDJqHxD7msR8D0uCmqlkwjCV8xvwHw==

free-style@3.1.0:
  version "3.1.0"
  resolved "https://registry.yarnpkg.com/free-style/-/free-style-3.1.0.tgz#4e2996029534e6b1731611d843437b9e2f473f08"
  integrity sha512-vJujYSIyT30iDoaoeigNAxX4yB1RUrh+N2ZMhIElMr3BvCuGXOw7XNJMEEJkDUeamK2Rnb/IKFGKRKlTWIGRWA==

function-bind@^1.1.1:
  version "1.1.1"
  resolved "https://registry.yarnpkg.com/function-bind/-/function-bind-1.1.1.tgz#a56899d3ea3c9bab874bb9773b7c5ede92f4895d"
  integrity sha512-yIovAzMX49sF8Yl58fSCWJ5svSLuaibPxXQJFLmBObTuCr0Mf1KiPopGM9NiFjiYBCbfaa2Fh6breQ6ANVTI0A==

get-intrinsic@^1.0.2:
  version "1.1.1"
  resolved "https://registry.yarnpkg.com/get-intrinsic/-/get-intrinsic-1.1.1.tgz#15f59f376f855c446963948f0d24cd3637b4abc6"
  integrity sha512-kWZrnVM42QCiEA2Ig1bG8zjoIMOgxWwYCEeNdwY6Tv/cOSeGpcoX4pXHfKUxNKVoArnrEr2e9srnAxxGIraS9Q==
  dependencies:
    function-bind "^1.1.1"
    has "^1.0.3"
    has-symbols "^1.0.1"

gud@^1.0.0:
  version "1.0.0"
  resolved "https://registry.yarnpkg.com/gud/-/gud-1.0.0.tgz#a489581b17e6a70beca9abe3ae57de7a499852c0"
  integrity sha512-zGEOVKFM5sVPPrYs7J5/hYEw2Pof8KCyOwyhG8sAF26mCAeUFAcYPu1mwB7hhpIP29zOIBaDqwuHdLp0jvZXjw==

has-symbols@^1.0.1, has-symbols@^1.0.2:
  version "1.0.2"
  resolved "https://registry.yarnpkg.com/has-symbols/-/has-symbols-1.0.2.tgz#165d3070c00309752a1236a479331e3ac56f1423"
  integrity sha512-chXa79rL/UC2KlX17jo3vRGz0azaWEx5tGqZg5pO3NUyEJVB17dMruQlzCCOfUvElghKcm5194+BCRvi2Rv/Gw==

has@^1.0.3:
  version "1.0.3"
  resolved "https://registry.yarnpkg.com/has/-/has-1.0.3.tgz#722d7cbfc1f6aa8241f16dd814e011e1f41e8796"
  integrity sha512-f2dvO0VU6Oej7RkWJGrehjbzMAjFp5/VKPp5tTpWIV4JHHZK1/BxbFRtf/siA2SWTe09caDmVtYYzWEIbBS4zw==
  dependencies:
    function-bind "^1.1.1"

htmlparser2@^6.0.0:
  version "6.1.0"
  resolved "https://registry.yarnpkg.com/htmlparser2/-/htmlparser2-6.1.0.tgz#c4d762b6c3371a05dbe65e94ae43a9f845fb8fb7"
  integrity sha512-gyyPk6rgonLFEDGoeRgQNaEUvdJ4ktTmmUh/h2t7s+M8oPpIPxgNACWa+6ESR57kXstwqPiCut0V8NRpcwgU7A==
  dependencies:
    domelementtype "^2.0.1"
    domhandler "^4.0.0"
    domutils "^2.5.2"
    entities "^2.0.0"

ieee754@^1.1.13:
  version "1.2.1"
  resolved "https://registry.yarnpkg.com/ieee754/-/ieee754-1.2.1.tgz#8eb7a10a63fff25d15a57b001586d177d1b0d352"
  integrity sha512-dcyqhDvX1C46lXZcVqCpK+FtMRQVdIMN6/Df5js2zouUsqG7I6sFxitIC+7KYK29KdXOLHdu9zL4sFnoVQnqaA==

is-arguments@^1.0.4:
  version "1.1.0"
  resolved "https://registry.yarnpkg.com/is-arguments/-/is-arguments-1.1.0.tgz#62353031dfbee07ceb34656a6bde59efecae8dd9"
  integrity sha512-1Ij4lOMPl/xB5kBDn7I+b2ttPMKa8szhEIrXDuXQD/oe3HJLTLhqhgGspwgyGd6MOywBUqVvYicF72lkgDnIHg==
  dependencies:
    call-bind "^1.0.0"

is-date-object@^1.0.1:
  version "1.0.4"
  resolved "https://registry.yarnpkg.com/is-date-object/-/is-date-object-1.0.4.tgz#550cfcc03afada05eea3dd30981c7b09551f73e5"
  integrity sha512-/b4ZVsG7Z5XVtIxs/h9W8nvfLgSAyKYdtGWQLbqy6jA1icmgjf8WCoTKgeS4wy5tYaPePouzFMANbnj94c2Z+A==

is-plain-object@^5.0.0:
  version "5.0.0"
  resolved "https://registry.yarnpkg.com/is-plain-object/-/is-plain-object-5.0.0.tgz#4427f50ab3429e9025ea7d52e9043a9ef4159344"
  integrity sha512-VRSzKkbMm5jMDoKLbltAkFQ5Qr7VDiTFGXxYFXXowVj387GeGNOCsOH6Msy00SGZ3Fp84b1Naa1psqgcCIEP5Q==

is-regex@^1.0.4:
  version "1.1.3"
  resolved "https://registry.yarnpkg.com/is-regex/-/is-regex-1.1.3.tgz#d029f9aff6448b93ebbe3f33dac71511fdcbef9f"
  integrity sha512-qSVXFz28HM7y+IWX6vLCsexdlvzT1PJNFSBuaQLQ5o0IEw8UDYW6/2+eCMVyIsbM8CNLX2a/QWmSpyxYEHY7CQ==
  dependencies:
    call-bind "^1.0.2"
    has-symbols "^1.0.2"

"js-tokens@^3.0.0 || ^4.0.0":
  version "4.0.0"
  resolved "https://registry.yarnpkg.com/js-tokens/-/js-tokens-4.0.0.tgz#19203fb59991df98e3a287050d4647cdeaf32499"
  integrity sha512-RdJUflcE3cUzKiMqQgsCu06FPu9UdIJO0beYbPhHN4k6apgJtifcoCtT9bcxOpYBtpD2kCM6Sbzg4CausW/PKQ==

json-schema-traverse@^0.4.1:
  version "0.4.1"
  resolved "https://registry.yarnpkg.com/json-schema-traverse/-/json-schema-traverse-0.4.1.tgz#69f6a87d9513ab8bb8fe63bdb0979c448e684660"
  integrity sha512-xbbCH5dCYU5T8LcEhhuh7HJ88HXuW3qsI3Y0zOZFKfZEHcpWiHU/Jxzk629Brsab/mMiHQti9wMP+845RPe3Vg==

json5@^2.1.1:
  version "2.2.0"
  resolved "https://registry.yarnpkg.com/json5/-/json5-2.2.0.tgz#2dfefe720c6ba525d9ebd909950f0515316c89a3"
  integrity sha512-f+8cldu7X/y7RAJurMEJmdoKXGB/X550w2Nr3tTbezL6RwEE/iMcm+tZnXeoZtKuOq6ft8+CqzEkrIgx1fPoQA==
  dependencies:
    minimist "^1.2.5"

klona@^2.0.3:
  version "2.0.4"
  resolved "https://registry.yarnpkg.com/klona/-/klona-2.0.4.tgz#7bb1e3affb0cb8624547ef7e8f6708ea2e39dfc0"
  integrity sha512-ZRbnvdg/NxqzC7L9Uyqzf4psi1OM4Cuc+sJAkQPjO6XkQIJTNbfK2Rsmbw8fx1p2mkZdp2FZYo2+LwXYY/uwIA==

lodash.escape@^4.0.1:
  version "4.0.1"
  resolved "https://registry.yarnpkg.com/lodash.escape/-/lodash.escape-4.0.1.tgz#c9044690c21e04294beaa517712fded1fa88de98"
  integrity sha1-yQRGkMIeBClL6qUXcS/e0fqI3pg=

loose-envify@^1.0.0, loose-envify@^1.1.0, loose-envify@^1.4.0:
  version "1.4.0"
  resolved "https://registry.yarnpkg.com/loose-envify/-/loose-envify-1.4.0.tgz#71ee51fa7be4caec1a63839f7e682d8132d30caf"
  integrity sha512-lyuxPGr/Wfhrlem2CL/UcnUc1zcqKAImBDzukY7Y5F/yQiNdko6+fRLevlw1HgMySw7f611UIY408EtxRSoK3Q==
  dependencies:
    js-tokens "^3.0.0 || ^4.0.0"

marked@^2.0.0:
  version "2.1.3"
  resolved "https://registry.yarnpkg.com/marked/-/marked-2.1.3.tgz#bd017cef6431724fd4b27e0657f5ceb14bff3753"
  integrity sha512-/Q+7MGzaETqifOMWYEA7HVMaZb4XbcRfaOzcSsHZEith83KGlvaSG33u0SKu89Mj5h+T8V2hM+8O45Qc5XTgwA==

minimist@^1.2.5, minimist@~1.2.0:
  version "1.2.5"
  resolved "https://registry.yarnpkg.com/minimist/-/minimist-1.2.5.tgz#67d66014b66a6a8aaa0c083c5fd58df4e4e97602"
  integrity sha512-FM9nNUYrRBAELZQT3xeZQ7fmMOBg6nWNmJKTcgsJeaLstP/UODVpGsr5OhXhhXg6f+qtJ8uiZ+PUxkDWcgIXLw==

moment@^2.24.0:
  version "2.29.1"
  resolved "https://registry.yarnpkg.com/moment/-/moment-2.29.1.tgz#b2be769fa31940be9eeea6469c075e35006fa3d3"
  integrity sha512-kHmoybcPV8Sqy59DwNDY3Jefr64lK/by/da0ViFcuA4DH0vQg5Q6Ze5VimxkfQNSC+Mls/Kx53s7TjP1RhFEDQ==

nanoid@^3.1.23:
  version "3.1.23"
  resolved "https://registry.yarnpkg.com/nanoid/-/nanoid-3.1.23.tgz#f744086ce7c2bc47ee0a8472574d5c78e4183a81"
  integrity sha512-FiB0kzdP0FFVGDKlRLEQ1BgDzU87dy5NnzjeW9YZNt+/c3+q82EQDUwniSAUxp/F0gFNI1ZhKU1FqYsMuqZVnw==

node-fetch@^2.6.0:
  version "2.6.1"
  resolved "https://registry.yarnpkg.com/node-fetch/-/node-fetch-2.6.1.tgz#045bd323631f76ed2e2b55573394416b639a0052"
  integrity sha512-V4aYg89jEoVRxRb2fJdAg8FHvI7cEyYdVAh94HH0UIK8oJxUfkjlDQN9RbMx+bEjP7+ggMiFRprSti032Oipxw==

normalize.css@^8.0.1:
  version "8.0.1"
  resolved "https://registry.yarnpkg.com/normalize.css/-/normalize.css-8.0.1.tgz#9b98a208738b9cc2634caacbc42d131c97487bf3"
  integrity sha512-qizSNPO93t1YUuUhP22btGOo3chcvDFqFaj2TRybP0DMxkHOCTYwp3n34fel4a31ORXy4m1Xq0Gyqpb5m33qIg==

object-assign@^4.1.1:
  version "4.1.1"
  resolved "https://registry.yarnpkg.com/object-assign/-/object-assign-4.1.1.tgz#2109adc7965887cfc05cbbd442cac8bfbb360863"
  integrity sha1-IQmtx5ZYh8/AXLvUQsrIv7s2CGM=

object-is@^1.0.1:
  version "1.1.5"
  resolved "https://registry.yarnpkg.com/object-is/-/object-is-1.1.5.tgz#b9deeaa5fc7f1846a0faecdceec138e5778f53ac"
  integrity sha512-3cyDsyHgtmi7I7DfSSI2LDp6SK2lwvtbg0p0R1e0RvTqF5ceGx+K2dfSjm1bKDMVCFEDAQvy+o8c6a7VujOddw==
  dependencies:
    call-bind "^1.0.2"
    define-properties "^1.1.3"

object-keys@^1.0.12, object-keys@^1.1.1:
  version "1.1.1"
  resolved "https://registry.yarnpkg.com/object-keys/-/object-keys-1.1.1.tgz#1c47f272df277f3b1daf061677d9c82e2322c60e"
  integrity sha512-NuAESUOUMrlIXOfHKzD6bpPu3tYt3xvjNdRIQ+FeT0lNb4K8WR70CaDxhuNguS2XG+GjkyMwOzsN5ZktImfhLA==

parse-srcset@^1.0.2:
  version "1.0.2"
  resolved "https://registry.yarnpkg.com/parse-srcset/-/parse-srcset-1.0.2.tgz#f2bd221f6cc970a938d88556abc589caaaa2bde1"
  integrity sha1-8r0iH2zJcKk42IVWq8WJyqqiveE=

path-browserify@^1.0.0:
  version "1.0.1"
  resolved "https://registry.yarnpkg.com/path-browserify/-/path-browserify-1.0.1.tgz#d98454a9c3753d5790860f16f68867b9e46be1fd"
  integrity sha512-b7uo2UCUOYZcnF/3ID0lulOJi/bafxa1xPe7ZPsammBSpjSWQkjNxlt635YGS2MiR9GjvuXCtz2emr3jbsz98g==

popper.js@^1.14.4, popper.js@^1.16.1:
  version "1.16.1"
  resolved "https://registry.yarnpkg.com/popper.js/-/popper.js-1.16.1.tgz#2a223cb3dc7b6213d740e40372be40de43e65b1b"
  integrity sha512-Wb4p1J4zyFTbM+u6WuO4XstYx4Ky9Cewe4DWrel7B0w6VVICvPwdOpotjzcf6eD8TsckVnIMNONQyPIUFOUbCQ==

postcss@^8.0.2:
  version "8.3.5"
  resolved "https://registry.yarnpkg.com/postcss/-/postcss-8.3.5.tgz#982216b113412bc20a86289e91eb994952a5b709"
  integrity sha512-NxTuJocUhYGsMiMFHDUkmjSKT3EdH4/WbGF6GCi1NDGk+vbcUTun4fpbOqaPtD8IIsztA2ilZm2DhYCuyN58gA==
  dependencies:
    colorette "^1.2.2"
    nanoid "^3.1.23"
    source-map-js "^0.6.2"

prop-types@^15.6.1, prop-types@^15.6.2:
  version "15.7.2"
  resolved "https://registry.yarnpkg.com/prop-types/-/prop-types-15.7.2.tgz#52c41e75b8c87e72b9d9360e0206b99dcbffa6c5"
  integrity sha512-8QQikdH7//R2vurIJSutZ1smHYTcLpRWEOlHnzcWHmBYrOGUysKwSsrC89BCiFj3CbrfJ/nXFdJepOVrY1GCHQ==
  dependencies:
    loose-envify "^1.4.0"
    object-assign "^4.1.1"
    react-is "^16.8.1"

punycode@1.3.2:
  version "1.3.2"
  resolved "https://registry.yarnpkg.com/punycode/-/punycode-1.3.2.tgz#9653a036fb7c1ee42342f2325cceefea3926c48d"
  integrity sha1-llOgNvt8HuQjQvIyXM7v6jkmxI0=

punycode@^2.1.0:
  version "2.1.1"
  resolved "https://registry.yarnpkg.com/punycode/-/punycode-2.1.1.tgz#b58b010ac40c22c5657616c8d2c2c02c7bf479ec"
  integrity sha512-XRsRjdf+j5ml+y/6GKHPZbrF/8p2Yga0JPtdqTIY2Xe5ohJPD9saDJJLPvp9+NSBprVvevdXZybnj2cv8OEd0A==

querystring@0.2.0:
  version "0.2.0"
  resolved "https://registry.yarnpkg.com/querystring/-/querystring-0.2.0.tgz#b209849203bb25df820da756e747005878521620"
  integrity sha1-sgmEkgO7Jd+CDadW50cAWHhSFiA=

querystringify@^2.1.1:
  version "2.2.0"
  resolved "https://registry.yarnpkg.com/querystringify/-/querystringify-2.2.0.tgz#3345941b4153cb9d082d8eee4cda2016a9aef7f6"
  integrity sha512-FIqgj2EUvTa7R50u0rGsyTftzjYmv/a3hO345bZNrqabNqjtgiDMgmo4mkUjd+nzU5oF3dClKqFIPUKybUyqoQ==

react-dom@^17.0.1:
  version "17.0.2"
  resolved "https://registry.yarnpkg.com/react-dom/-/react-dom-17.0.2.tgz#ecffb6845e3ad8dbfcdc498f0d0a939736502c23"
  integrity sha512-s4h96KtLDUQlsENhMn1ar8t2bEa+q/YAtj8pPPdIjPDGBDIVNsrD9aXNWqspUe6AzKCIG0C1HZZLqLV7qpOBGA==
  dependencies:
    loose-envify "^1.1.0"
    object-assign "^4.1.1"
    scheduler "^0.20.2"

react-is@^16.8.1:
  version "16.13.1"
  resolved "https://registry.yarnpkg.com/react-is/-/react-is-16.13.1.tgz#789729a4dc36de2999dc156dd6c1d9c18cea56a4"
  integrity sha512-24e6ynE2H+OKt4kqsOvNd8kBpV65zoxbA4BVsEOB3ARVWQki/DHzaUoC5KuON/BiccDaCCTZBuOcfZs70kR8bQ==

react-lifecycles-compat@^3.0.4:
  version "3.0.4"
  resolved "https://registry.yarnpkg.com/react-lifecycles-compat/-/react-lifecycles-compat-3.0.4.tgz#4f1a273afdfc8f3488a8c516bfda78f872352362"
  integrity sha512-fBASbA6LnOU9dOU2eW7aQ8xmYBSXUIWr+UmF9b1efZBazGNO+rcXT/icdKnYm2pTwcRylVUYwW7H1PHfLekVzA==

react-popper@^1.3.7:
  version "1.3.11"
  resolved "https://registry.yarnpkg.com/react-popper/-/react-popper-1.3.11.tgz#a2cc3f0a67b75b66cfa62d2c409f9dd1fcc71ffd"
  integrity sha512-VSA/bS+pSndSF2fiasHK/PTEEAyOpX60+H5EPAjoArr8JGm+oihu4UbrqcEBpQibJxBVCpYyjAX7abJ+7DoYVg==
  dependencies:
    "@babel/runtime" "^7.1.2"
    "@hypnosphi/create-react-context" "^0.3.1"
    deep-equal "^1.1.1"
    popper.js "^1.14.4"
    prop-types "^15.6.1"
    typed-styles "^0.0.7"
    warning "^4.0.2"

react-transition-group@^2.9.0:
  version "2.9.0"
  resolved "https://registry.yarnpkg.com/react-transition-group/-/react-transition-group-2.9.0.tgz#df9cdb025796211151a436c69a8f3b97b5b07c8d"
  integrity sha512-+HzNTCHpeQyl4MJ/bdE0u6XRMe9+XG/+aL4mCxVN4DnPBQ0/5bfHWPDuOZUzYdMj94daZaZdCCc1Dzt9R/xSSg==
  dependencies:
    dom-helpers "^3.4.0"
    loose-envify "^1.4.0"
    prop-types "^15.6.2"
    react-lifecycles-compat "^3.0.4"

react@^17.0.1:
  version "17.0.2"
  resolved "https://registry.yarnpkg.com/react/-/react-17.0.2.tgz#d0b5cc516d29eb3eee383f75b62864cfb6800037"
  integrity sha512-gnhPt75i/dq/z3/6q/0asP78D0u592D5L1pd7M8P+dck6Fu/jJeL6iVVK23fptSUZj8Vjf++7wXA8UNclGQcbA==
  dependencies:
    loose-envify "^1.1.0"
    object-assign "^4.1.1"

regenerator-runtime@^0.13.4:
  version "0.13.7"
  resolved "https://registry.yarnpkg.com/regenerator-runtime/-/regenerator-runtime-0.13.7.tgz#cac2dacc8a1ea675feaabaeb8ae833898ae46f55"
  integrity sha512-a54FxoJDIr27pgf7IgeQGxmqUNYrcV338lf/6gH456HZ/PhX+5BcwHXG9ajESmwe6WRO0tAzRUrRmNONWgkrew==

regexp.prototype.flags@^1.2.0:
  version "1.3.1"
  resolved "https://registry.yarnpkg.com/regexp.prototype.flags/-/regexp.prototype.flags-1.3.1.tgz#7ef352ae8d159e758c0eadca6f8fcb4eef07be26"
  integrity sha512-JiBdRBq91WlY7uRJ0ds7R+dU02i6LKi8r3BuQhNXn+kmeLN+EfHhfjqMRis1zJxnlu88hq/4dx0P2OP3APRTOA==
  dependencies:
    call-bind "^1.0.2"
    define-properties "^1.1.3"

requires-port@^1.0.0:
  version "1.0.0"
  resolved "https://registry.yarnpkg.com/requires-port/-/requires-port-1.0.0.tgz#925d2601d39ac485e091cf0da5c6e694dc3dcaff"
  integrity sha1-kl0mAdOaxIXgkc8NpcbmlNw9yv8=

resize-observer-polyfill@^1.5.1:
  version "1.5.1"
  resolved "https://registry.yarnpkg.com/resize-observer-polyfill/-/resize-observer-polyfill-1.5.1.tgz#0e9020dd3d21024458d4ebd27e23e40269810464"
  integrity sha512-LwZrotdHOo12nQuZlHEmtuXdqGoOD0OhaxopaNFxWzInpEgaLWoVuAMbTzixuosCx2nEG58ngzW3vxdWoxIgdg==

sanitize-html@~2.3.3:
  version "2.3.3"
  resolved "https://registry.yarnpkg.com/sanitize-html/-/sanitize-html-2.3.3.tgz#3db382c9a621cce4c46d90f10c64f1e9da9e8353"
  integrity sha512-DCFXPt7Di0c6JUnlT90eIgrjs6TsJl/8HYU3KLdmrVclFN4O0heTcVbJiMa23OKVr6aR051XYtsgd8EWwEBwUA==
  dependencies:
    deepmerge "^4.2.2"
    escape-string-regexp "^4.0.0"
    htmlparser2 "^6.0.0"
    is-plain-object "^5.0.0"
    klona "^2.0.3"
    parse-srcset "^1.0.2"
    postcss "^8.0.2"

scheduler@^0.20.2:
  version "0.20.2"
  resolved "https://registry.yarnpkg.com/scheduler/-/scheduler-0.20.2.tgz#4baee39436e34aa93b4874bddcbf0fe8b8b50e91"
  integrity sha512-2eWfGgAqqWFGqtdMmcL5zCMK1U8KlXv8SQFGglL3CEtd0aDVDWgeF/YoCmvln55m5zSk3J/20hTaSBeSObsQDQ==
  dependencies:
    loose-envify "^1.1.0"
    object-assign "^4.1.1"

source-map-js@^0.6.2:
  version "0.6.2"
  resolved "https://registry.yarnpkg.com/source-map-js/-/source-map-js-0.6.2.tgz#0bb5de631b41cfbda6cfba8bd05a80efdfd2385e"
  integrity sha512-/3GptzWzu0+0MBQFrDKzw/DvvMTUORvgY6k6jd/VS6iCR4RDTKWH6v6WPwQoUO8667uQEf9Oe38DxAYWY5F/Ug==

tslib@~1.13.0:
  version "1.13.0"
  resolved "https://registry.yarnpkg.com/tslib/-/tslib-1.13.0.tgz#c881e13cc7015894ed914862d276436fa9a47043"
  integrity sha512-i/6DQjL8Xf3be4K/E6Wgpekn5Qasl1usyw++dAA35Ue5orEn65VIxOA+YvNNl9HV3qv70T7CNwjODHZrLwvd1Q==

typed-styles@^0.0.7:
  version "0.0.7"
  resolved "https://registry.yarnpkg.com/typed-styles/-/typed-styles-0.0.7.tgz#93392a008794c4595119ff62dde6809dbc40a3d9"
  integrity sha512-pzP0PWoZUhsECYjABgCGQlRGL1n7tOHsgwYv3oIiEpJwGhFTuty/YNeduxQYzXXa3Ge5BdT6sHYIQYpl4uJ+5Q==

typescript@^4.0.3:
  version "4.0.3"
  resolved "https://registry.yarnpkg.com/typescript/-/typescript-4.0.3.tgz#153bbd468ef07725c1df9c77e8b453f8d36abba5"
  integrity sha512-tEu6DGxGgRJPb/mVPIZ48e69xCn2yRmCgYmDugAVwmJ6o+0u1RI18eO7E7WBTLYLaEVVOhwQmcdhQHweux/WPg==

typestyle@^2.0.4:
  version "2.1.0"
  resolved "https://registry.yarnpkg.com/typestyle/-/typestyle-2.1.0.tgz#7c5cc567de72cd8bfb686813150b92791aaa7636"
  integrity sha512-6uCYPdG4xWLeEcl9O0GtNFnNGhami+irKiLsXSuvWHC/aTS7wdj49WeikWAKN+xHN3b1hm+9v0svwwgSBhCsNA==
  dependencies:
    csstype "2.6.9"
    free-style "3.1.0"

uri-js@^4.2.2:
  version "4.4.1"
  resolved "https://registry.yarnpkg.com/uri-js/-/uri-js-4.4.1.tgz#9b1a52595225859e55f669d928f88c6c57f2a77e"
  integrity sha512-7rKUyy33Q1yc98pQ1DAmLtwX109F7TIfWlW1Ydo8Wl1ii1SeHieeh0HHfPeL2fMXK6z0s8ecKs9frCuLJvndBg==
  dependencies:
    punycode "^2.1.0"

url-parse@~1.5.1:
  version "1.5.1"
  resolved "https://registry.yarnpkg.com/url-parse/-/url-parse-1.5.1.tgz#d5fa9890af8a5e1f274a2c98376510f6425f6e3b"
  integrity sha512-HOfCOUJt7iSYzEx/UqgtwKRMC6EU91NFhsCHMv9oM03VJcVo2Qrp8T8kI9D7amFf1cu+/3CEhgb3rF9zL7k85Q==
  dependencies:
    querystringify "^2.1.1"
    requires-port "^1.0.0"

url@^0.11.0:
  version "0.11.0"
  resolved "https://registry.yarnpkg.com/url/-/url-0.11.0.tgz#3838e97cfc60521eb73c525a8e55bfdd9e2e28f1"
  integrity sha1-ODjpfPxgUh63PFJajlW/3Z4uKPE=
  dependencies:
    punycode "1.3.2"
    querystring "0.2.0"

warning@^4.0.2, warning@^4.0.3:
  version "4.0.3"
  resolved "https://registry.yarnpkg.com/warning/-/warning-4.0.3.tgz#16e9e077eb8a86d6af7d64aa1e05fd85b4678ca3"
  integrity sha512-rpJyN222KWIvHJ/F53XSZv0Zl/accqHR8et1kpaMTD/fLCRxtV8iX8czMzY7sVZupTI3zcUTg8eycS2kNF9l6w==
  dependencies:
    loose-envify "^1.0.0"

ws@^7.2.0:
  version "7.5.3"
  resolved "https://registry.yarnpkg.com/ws/-/ws-7.5.3.tgz#160835b63c7d97bfab418fc1b8a9fced2ac01a74"
  integrity sha512-kQ/dHIzuLrS6Je9+uv81ueZomEwH0qVYstcAQ4/Z93K8zeko9gtAbttJWzoC5ukqXY1PpoouV3+VSOqEAFt5wg==
